name: ci-coverage-clock

# THE CLOCK THAT MAKES A MAINLINE VERDICT EXIST.
#
# WHAT IT IS FOR. `ci.yml` collapses pushes to one run per branch and cancels
# the superseded ones. On a saturated `eph-linux-x64` pool that setting does not
# gate the branch tip — it gates nothing, because the newest run is still
# PENDING when the next push evicts it. Measured on `dev` on 2026-09-03: of the
# last 25 `ci` runs, 21 cancelled, 3 failed, 0 successful, and no commit landed
# that day had a verdict of any kind. `ci.yml`'s concurrency block carries the
# full account.
#
# The remedy is ported from codetracer, where the same defect drained a 46-deep
# queue and cost 100% of mainline coverage: a DISPATCH-TRIGGERED run in its own
# concurrency group, which no push and no pull request is able to produce, and
# therefore which nothing can evict.
#
# ---------------------------------------------------------------------------
#
# WHY THE CLOCK IS HERE AND NOT A `schedule:` ON `ci.yml`.
#
# GitHub fires scheduled workflows ONLY from the default branch, and it runs
# that branch's copy of the file. A `schedule:` written into `ci.yml` therefore
# means "cover whatever branch happens to be default", which is:
#
#   * silently wrong for every OTHER branch this repository deploys —
#     `deploy.yml` ships `live`, `staging` and `dev`, and a schedule on `ci.yml`
#     would give exactly one of the three a scheduled verdict;
#   * correct-looking in review, because the file that needs the coverage and
#     the file that fires the clock are the same file, so nothing in the diff
#     says which branch it applies to; and
#   * load-bearing on a fact nobody restates when they change it. `dev` is the
#     default branch TODAY. If that moves to `main` — which exists, and is 178
#     commits behind — the scheduled run silently starts gating a branch nobody
#     ships from, and `dev` goes dark again with the YAML unchanged.
#
# So the clock is split from the trigger. This file is the only thing that
# needs to sit on the default branch; it names the refs it wants OUT LOUD, and
# a ref that stops existing is reported rather than skipped.
#
# THE COVERAGE RUN IS THE FULL `ci`, not a subset. A cheaper "coverage-only"
# lane would answer a different question from the one the pushes fail to
# answer, and the point is to restore the verdict that was lost, not to invent
# a weaker one.

on:
  schedule:
    # Every two hours. A full `ci` run is 10-15 minutes for most jobs, but
    # `journeys` is bounded at 150 and measured near 100, so a run can occupy
    # most of a two-hour window. This is a floor on how stale a mainline
    # verdict can be (~2h), not a promise of one every two hours — the guard
    # below skips a tick whose predecessor is still going.
    - cron: "0 */2 * * *"
  # So a verdict can be forced without waiting for the clock.
  workflow_dispatch:

# The clock must not stack up on itself.
concurrency:
  group: ci-coverage-clock
  cancel-in-progress: false

permissions:
  actions: write
  contents: read

jobs:
  dispatch:
    runs-on: ubuntu-latest
    steps:
      - name: Fire a coverage run for every branch we deploy
        env:
          GH_TOKEN: ${{ github.token }}
          GH_REPO: ${{ github.repository }}
        run: |
          set -uo pipefail

          # The mainlines, spelled out. This list must equal `deploy.yml`'s
          # push branches for the same reason `ci.yml`'s trigger must —
          # a branch that is deployed and has no reachable verdict is the
          # hole the whole `ci-coverage` job exists to report.
          refs="dev staging live"

          fired=0
          skipped=0
          pending=0
          missing=0

          for ref in ${refs}; do
            if ! git ls-remote --exit-code --heads \
                "https://github.com/${GH_REPO}.git" "${ref}" >/dev/null 2>&1; then
              # NOT a skip: a branch this clock names and cannot find is the
              # same "dead trigger reads like a working trigger" defect that
              # `ci-coverage.sh` step 4 was written for.
              echo "::error::branch '${ref}' is named by this clock and does not exist"
              missing=$((missing + 1))
              continue
            fi

            # (A dispatch runs the workflow AS THAT REF DEFINES IT, so a branch
            # whose `ci.yml` predates the `workflow_dispatch:` trigger cannot be
            # dispatched at all. That case is classified below, from the API's
            # own answer, rather than predicted from the file.)

            # Do not dispatch on top of a coverage run that is still going.
            # `ci.yml`'s dispatch lane sets `cancel-in-progress: false` — on
            # purpose, so that a later coverage run cannot cancel an earlier
            # one and reproduce the very defect this lane exists to escape.
            # The cost of that choice is that ticks would QUEUE behind a long
            # run, so the pile-up is prevented here, where "already running"
            # can actually be distinguished from "superseded".
            inflight="$(
              gh run list --workflow ci.yml --branch "${ref}" \
                --event workflow_dispatch --status in_progress \
                --json databaseId --jq 'length' 2>/dev/null || echo 0
            )"
            queued="$(
              gh run list --workflow ci.yml --branch "${ref}" \
                --event workflow_dispatch --status queued \
                --json databaseId --jq 'length' 2>/dev/null || echo 0
            )"
            if [ "${inflight:-0}" -gt 0 ] || [ "${queued:-0}" -gt 0 ]; then
              echo "${ref}: a coverage run is already in flight (${inflight} running, ${queued} queued) — not stacking another"
              skipped=$((skipped + 1))
              continue
            fi

            # ASK, DO NOT PREDICT.
            #
            # The first draft of this decided whether a ref could accept a
            # dispatch by fetching its `ci.yml` through the contents API,
            # base64-decoding it and grepping for the trigger — with `2>/dev/null`
            # on both halves of the pipe. On the runner that pipeline produced
            # nothing for EVERY ref, including `dev`, which does carry the
            # trigger. So the clock reported all three mainlines as "awaiting the
            # trigger" and dispatched nothing, while every individual line of its
            # log looked reasonable. Measured, not reasoned about: run
            # 33815158002.
            #
            # That is the same defect as the gate it was written to serve — a
            # check that cannot reach its subject reporting a verdict anyway,
            # here by silently swallowing the two errors that would have said so.
            #
            # The remedy is to stop predicting what the API will accept and let
            # the API answer. A ref without the trigger comes back 422 naming
            # `workflow_dispatch`; that is a PENDING mainline. Anything else that
            # fails is a real failure and is reported with the error text, not
            # discarded.
            # `|| rc=$?` and not a bare assignment: GitHub runs this step under
            # `bash -e {0}`, and `set -uo pipefail` at the top does not take that
            # away. A bare `err="$(cmd)"` whose command failed would abort the
            # step before any of the classification below could run.
            rc=0
            err="$(gh workflow run ci.yml --ref "${ref}" 2>&1)" || rc=$?
            if [ "${rc}" -eq 0 ]; then
              echo "${ref}: coverage run dispatched"
              fired=$((fired + 1))
            elif printf '%s' "${err}" | grep -qi 'workflow_dispatch\|Workflow does not have'; then
              echo "::notice::${ref}: this branch's ci.yml predates the workflow_dispatch trigger, so no coverage run can be dispatched for it yet. It starts being covered when dev is promoted onto ${ref}. (${err})"
              pending=$((pending + 1))
            else
              echo "::error::${ref}: could not dispatch a coverage run: ${err}"
              missing=$((missing + 1))
            fi
          done

          echo
          echo "dispatched ${fired}, skipped ${skipped} (already running), ${pending} awaiting the trigger, failed ${missing}"

          if [ "${missing}" -gt 0 ]; then
            exit 1
          fi

          # A tick that fired nothing AND skipped nothing has done nothing for
          # any branch that COULD have been covered — and in the run list that
          # is indistinguishable from a clock that is working. `pending` does
          # not count towards doing something: if every mainline were pending,
          # this clock would be producing no verdicts at all while reporting
          # success, which is the exact failure it exists to end.
          if [ "${fired}" -eq 0 ] && [ "${skipped}" -eq 0 ]; then
            echo "::error::this tick dispatched nothing and skipped nothing — no mainline is being covered by this clock"
            exit 1
          fi
